
Microsoft Visual Studio Solution File, Format Version 12.00
# Visual Studio 15
VisualStudioVersion = 15.0.27428.2043
MinimumVisualStudioVersion = 10.0.40219.1
Project("{9A19103F-16F7-4668-BE54-9A1E7A4F7556}") = "Fluxy", "Fluxy\Fluxy.csproj", "{0B20E6D3-4386-4647-BE8E-41C212F2E2C6}"
EndProject
Project("{FAE04EC0-301F-11D3-BF4B-00C04F79EFBC}") = "Fluxy.Data", "Fluxy.Data\Fluxy.Data.csproj", "{6D77485A-62FD-4E73-9D7D-BB15C02381E7}"
EndProject
Project("{FAE04EC0-301F-11D3-BF4B-00C04F79EFBC}") = "Fluxy.Services", "Fluxy.Services\Fluxy.Services.csproj", "{BBC6A9FB-02CD-4946-AEF7-7CADC6207445}"
EndProject
Project("{FAE04EC0-301F-11D3-BF4B-00C04F79EFBC}") = "Fluxy.Core", "Fluxy.Core\Fluxy.Core.csproj", "{58FC42F1-B80B-48AC-9AA4-7424A2D812C8}"
EndProject
Global
	GlobalSection(SolutionConfigurationPlatforms) = preSolution
		Debug|Any CPU = Debug|Any CPU
		Release|Any CPU = Release|Any CPU
	EndGlobalSection
	GlobalSection(ProjectConfigurationPlatforms) = postSolution
		{0B20E6D3-4386-4647-BE8E-41C212F2E2C6}.Debug|Any CPU.ActiveCfg = Debug|Any CPU
		{0B20E6D3-4386-4647-BE8E-41C212F2E2C6}.Debug|Any CPU.Build.0 = Debug|Any CPU
		{0B20E6D3-4386-4647-BE8E-41C212F2E2C6}.Release|Any CPU.ActiveCfg = Release|Any CPU
		{0B20E6D3-4386-4647-BE8E-41C212F2E2C6}.Release|Any CPU.Build.0 = Release|Any CPU
		{6D77485A-62FD-4E73-9D7D-BB15C02381E7}.Debug|Any CPU.ActiveCfg = Debug|Any CPU
		{6D77485A-62FD-4E73-9D7D-BB15C02381E7}.Debug|Any CPU.Build.0 = Debug|Any CPU
		{6D77485A-62FD-4E73-9D7D-BB15C02381E7}.Release|Any CPU.ActiveCfg = Release|Any CPU
		{6D77485A-62FD-4E73-9D7D-BB15C02381E7}.Release|Any CPU.Build.0 = Release|Any CPU
		{BBC6A9FB-02CD-4946-AEF7-7CADC6207445}.Debug|Any CPU.ActiveCfg = Debug|Any CPU
		{BBC6A9FB-02CD-4946-AEF7-7CADC6207445}.Debug|Any CPU.Build.0 = Debug|Any CPU
		{BBC6A9FB-02CD-4946-AEF7-7CADC6207445}.Release|Any CPU.ActiveCfg = Release|Any CPU
		{BBC6A9FB-02CD-4946-AEF7-7CADC6207445}.Release|Any CPU.Build.0 = Release|Any CPU
		{58FC42F1-B80B-48AC-9AA4-7424A2D812C8}.Debug|Any CPU.ActiveCfg = Debug|Any CPU
		{58FC42F1-B80B-48AC-9AA4-7424A2D812C8}.Debug|Any CPU.Build.0 = Debug|Any CPU
		{58FC42F1-B80B-48AC-9AA4-7424A2D812C8}.Release|Any CPU.ActiveCfg = Release|Any CPU
		{58FC42F1-B80B-48AC-9AA4-7424A2D812C8}.Release|Any CPU.Build.0 = Release|Any CPU
	EndGlobalSection
	GlobalSection(SolutionProperties) = preSolution
		HideSolutionNode = FALSE
	EndGlobalSection
	GlobalSection(ExtensibilityGlobals) = postSolution
		SolutionGuid = {5CE37B72-F538-438C-8649-4C010F3FA6BB}
	EndGlobalSection
EndGlobal
